
Microsoft Visual Studio Solution File, Format Version 12.00
# Visual Studio 15
VisualStudioVersion = 15.0.26730.16
MinimumVisualStudioVersion = 10.0.40219.1
Project("{8BC9CEB8-8B4A-11D0-8D11-00A0C91BC942}") = "hero", "VersionControl\VersionControl.vcxproj", "{B4C06E2A-6404-4326-9E31-7E2058498225}"
EndProject
Project("{8BC9CEB8-8B4A-11D0-8D11-00A0C91BC942}") = "hero-repofix", "hero-repofix\hero-repofix.vcxproj", "{40316140-A2B0-4D4E-BE3B-0B1241BD1D57}"
EndProject
Global
	GlobalSection(SolutionConfigurationPlatforms) = preSolution
		Debug|x64 = Debug|x64
		Debug|x86 = Debug|x86
		Release|x64 = Release|x64
		Release|x86 = Release|x86
	EndGlobalSection
	GlobalSection(ProjectConfigurationPlatforms) = postSolution
		{B4C06E2A-6404-4326-9E31-7E2058498225}.Debug|x64.ActiveCfg = Debug|x64
		{B4C06E2A-6404-4326-9E31-7E2058498225}.Debug|x64.Build.0 = Debug|x64
		{B4C06E2A-6404-4326-9E31-7E2058498225}.Debug|x86.ActiveCfg = Debug|Win32
		{B4C06E2A-6404-4326-9E31-7E2058498225}.Debug|x86.Build.0 = Debug|Win32
		{B4C06E2A-6404-4326-9E31-7E2058498225}.Release|x64.ActiveCfg = Release|x64
		{B4C06E2A-6404-4326-9E31-7E2058498225}.Release|x64.Build.0 = Release|x64
		{B4C06E2A-6404-4326-9E31-7E2058498225}.Release|x86.ActiveCfg = Release|Win32
		{B4C06E2A-6404-4326-9E31-7E2058498225}.Release|x86.Build.0 = Release|Win32
		{40316140-A2B0-4D4E-BE3B-0B1241BD1D57}.Debug|x64.ActiveCfg = Debug|x64
		{40316140-A2B0-4D4E-BE3B-0B1241BD1D57}.Debug|x64.Build.0 = Debug|x64
		{40316140-A2B0-4D4E-BE3B-0B1241BD1D57}.Debug|x86.ActiveCfg = Debug|Win32
		{40316140-A2B0-4D4E-BE3B-0B1241BD1D57}.Debug|x86.Build.0 = Debug|Win32
		{40316140-A2B0-4D4E-BE3B-0B1241BD1D57}.Release|x64.ActiveCfg = Release|x64
		{40316140-A2B0-4D4E-BE3B-0B1241BD1D57}.Release|x64.Build.0 = Release|x64
		{40316140-A2B0-4D4E-BE3B-0B1241BD1D57}.Release|x86.ActiveCfg = Release|Win32
		{40316140-A2B0-4D4E-BE3B-0B1241BD1D57}.Release|x86.Build.0 = Release|Win32
	EndGlobalSection
	GlobalSection(SolutionProperties) = preSolution
		HideSolutionNode = FALSE
	EndGlobalSection
	GlobalSection(ExtensibilityGlobals) = postSolution
		SolutionGuid = {0BDB7D92-AECB-42CC-8B12-351F49A1F22C}
	EndGlobalSection
EndGlobal
